
Microsoft Visual Studio Solution File, Format Version 12.00
# Visual Studio 15
Project("{FAE04EC0-301F-11D3-BF4B-00C04F79EFBC}") = "DPW", "DPW.csproj", "{1704F5F0-194F-4126-8255-DDD6A66E0069}"
EndProject
Global
	GlobalSection(SolutionConfigurationPlatforms) = preSolution
		Debug|Any CPU = Debug|Any CPU
		Release|Any CPU = Release|Any CPU
	EndGlobalSection
	GlobalSection(ProjectConfigurationPlatforms) = postSolution
		{1704F5F0-194F-4126-8255-DDD6A66E0069}.Debug|Any CPU.ActiveCfg = Debug|Any CPU
		{1704F5F0-194F-4126-8255-DDD6A66E0069}.Debug|Any CPU.Build.0 = Debug|Any CPU
		{1704F5F0-194F-4126-8255-DDD6A66E0069}.Release|Any CPU.ActiveCfg = Release|Any CPU
		{1704F5F0-194F-4126-8255-DDD6A66E0069}.Release|Any CPU.Build.0 = Release|Any CPU
	EndGlobalSection
EndGlobal
